{
  "name": "scoop-co",
  "version": "1.0.0",
  "lockfileVersion": 2,
  "requires": true,
  "packages": {
    "": {
      "name": "scoop-co",
      "version": "1.0.0",
      "license": "ISC",
      "dependencies": {
        "@fontsource/libre-baskerville": "^5.0.1",
        "@fontsource/manrope": "^5.0.1",
        "@fontsource/montserrat": "^5.0.1"
      }
    },
    "node_modules/@fontsource/libre-baskerville": {
      "version": "5.0.1",
      "resolved": "https://registry.npmjs.org/@fontsource/libre-baskerville/-/libre-baskerville-5.0.1.tgz",
      "integrity": "sha512-PxHhRXaQ8PvRYZfPE5jPGzWdCwhiqG19bKVwWmM9eyf6IciYBP/vKiBtp5lj10XxK70rAEDvih6Z0jyvReo1xw=="
    },
    "node_modules/@fontsource/manrope": {
      "version": "5.0.1",
      "resolved": "https://registry.npmjs.org/@fontsource/manrope/-/manrope-5.0.1.tgz",
      "integrity": "sha512-dvwtNRXD87FWkN80gorp70Q4+Vt5gjbv/nUiWwFlCAkSfHNePyJnzuPVMkvsZjJ9etfbIm4TYIkImzCC/+pxqw=="
    },
    "node_modules/@fontsource/montserrat": {
      "version": "5.0.1",
      "resolved": "https://registry.npmjs.org/@fontsource/montserrat/-/montserrat-5.0.1.tgz",
      "integrity": "sha512-Yv4V06evMh9ido3wsA9Z89pbINPXaWBAYTuOsNAuWLcKuy78b4WYIW3U3/WAcRSb0USP8dhQyy8DkSYVlHEeuw=="
    }
  },
  "dependencies": {
    "@fontsource/libre-baskerville": {
      "version": "5.0.1",
      "resolved": "https://registry.npmjs.org/@fontsource/libre-baskerville/-/libre-baskerville-5.0.1.tgz",
      "integrity": "sha512-PxHhRXaQ8PvRYZfPE5jPGzWdCwhiqG19bKVwWmM9eyf6IciYBP/vKiBtp5lj10XxK70rAEDvih6Z0jyvReo1xw=="
    },
    "@fontsource/manrope": {
      "version": "5.0.1",
      "resolved": "https://registry.npmjs.org/@fontsource/manrope/-/manrope-5.0.1.tgz",
      "integrity": "sha512-dvwtNRXD87FWkN80gorp70Q4+Vt5gjbv/nUiWwFlCAkSfHNePyJnzuPVMkvsZjJ9etfbIm4TYIkImzCC/+pxqw=="
    },
    "@fontsource/montserrat": {
      "version": "5.0.1",
      "resolved": "https://registry.npmjs.org/@fontsource/montserrat/-/montserrat-5.0.1.tgz",
      "integrity": "sha512-Yv4V06evMh9ido3wsA9Z89pbINPXaWBAYTuOsNAuWLcKuy78b4WYIW3U3/WAcRSb0USP8dhQyy8DkSYVlHEeuw=="
    }
  }
}
